
Microsoft Visual Studio Solution File, Format Version 12.00
# Visual Studio 2013
VisualStudioVersion = 12.0.21005.1
MinimumVisualStudioVersion = 10.0.40219.1
Project("{FAE04EC0-301F-11D3-BF4B-00C04F79EFBC}") = "Common", "Common\Common.csproj", "{E330FFD1-F001-4D0D-8B8A-182CAF5BDDDF}"
EndProject
Project("{FAE04EC0-301F-11D3-BF4B-00C04F79EFBC}") = "Client", "Hiring Company\Client\Client.csproj", "{3E84E861-6CA7-4DA8-AD27-6BAC51782FBD}"
EndProject
Project("{2150E333-8FDC-42A3-9474-1A3956D46DE8}") = "Hiring Company", "Hiring Company", "{7D3087D1-9726-490C-AEFE-52150AB66402}"
EndProject
Project("{2150E333-8FDC-42A3-9474-1A3956D46DE8}") = "Outsourcing Company", "Outsourcing Company", "{4CA21008-99C1-4BEF-A238-5D8B4BF4BD79}"
EndProject
Project("{FAE04EC0-301F-11D3-BF4B-00C04F79EFBC}") = "Service", "Hiring Company\Service\Service.csproj", "{DE353FA5-6D5C-4482-B26A-35D6FC5E423B}"
EndProject
Project("{FAE04EC0-301F-11D3-BF4B-00C04F79EFBC}") = "ServiceContract", "Hiring Company\ServiceContract\ServiceContract.csproj", "{42ADAA43-A6CB-45D2-A5DD-6495B3A3CCAC}"
EndProject
Global
	GlobalSection(SolutionConfigurationPlatforms) = preSolution
		Debug|Any CPU = Debug|Any CPU
		Release|Any CPU = Release|Any CPU
	EndGlobalSection
	GlobalSection(ProjectConfigurationPlatforms) = postSolution
		{E330FFD1-F001-4D0D-8B8A-182CAF5BDDDF}.Debug|Any CPU.ActiveCfg = Debug|x86
		{E330FFD1-F001-4D0D-8B8A-182CAF5BDDDF}.Debug|Any CPU.Build.0 = Debug|x86
		{E330FFD1-F001-4D0D-8B8A-182CAF5BDDDF}.Release|Any CPU.ActiveCfg = Release|Any CPU
		{E330FFD1-F001-4D0D-8B8A-182CAF5BDDDF}.Release|Any CPU.Build.0 = Release|Any CPU
		{3E84E861-6CA7-4DA8-AD27-6BAC51782FBD}.Debug|Any CPU.ActiveCfg = Debug|x86
		{3E84E861-6CA7-4DA8-AD27-6BAC51782FBD}.Debug|Any CPU.Build.0 = Debug|x86
		{3E84E861-6CA7-4DA8-AD27-6BAC51782FBD}.Release|Any CPU.ActiveCfg = Release|Any CPU
		{3E84E861-6CA7-4DA8-AD27-6BAC51782FBD}.Release|Any CPU.Build.0 = Release|Any CPU
		{DE353FA5-6D5C-4482-B26A-35D6FC5E423B}.Debug|Any CPU.ActiveCfg = Debug|Any CPU
		{DE353FA5-6D5C-4482-B26A-35D6FC5E423B}.Debug|Any CPU.Build.0 = Debug|Any CPU
		{DE353FA5-6D5C-4482-B26A-35D6FC5E423B}.Release|Any CPU.ActiveCfg = Release|Any CPU
		{DE353FA5-6D5C-4482-B26A-35D6FC5E423B}.Release|Any CPU.Build.0 = Release|Any CPU
		{42ADAA43-A6CB-45D2-A5DD-6495B3A3CCAC}.Debug|Any CPU.ActiveCfg = Debug|Any CPU
		{42ADAA43-A6CB-45D2-A5DD-6495B3A3CCAC}.Debug|Any CPU.Build.0 = Debug|Any CPU
		{42ADAA43-A6CB-45D2-A5DD-6495B3A3CCAC}.Release|Any CPU.ActiveCfg = Release|Any CPU
		{42ADAA43-A6CB-45D2-A5DD-6495B3A3CCAC}.Release|Any CPU.Build.0 = Release|Any CPU
	EndGlobalSection
	GlobalSection(SolutionProperties) = preSolution
		HideSolutionNode = FALSE
	EndGlobalSection
	GlobalSection(NestedProjects) = preSolution
		{3E84E861-6CA7-4DA8-AD27-6BAC51782FBD} = {7D3087D1-9726-490C-AEFE-52150AB66402}
		{DE353FA5-6D5C-4482-B26A-35D6FC5E423B} = {7D3087D1-9726-490C-AEFE-52150AB66402}
		{42ADAA43-A6CB-45D2-A5DD-6495B3A3CCAC} = {7D3087D1-9726-490C-AEFE-52150AB66402}
	EndGlobalSection
EndGlobal
