
Microsoft Visual Studio Solution File, Format Version 12.00
# Visual Studio 2013
VisualStudioVersion = 12.0.40629.0
MinimumVisualStudioVersion = 10.0.40219.1
Project("{FAE04EC0-301F-11D3-BF4B-00C04F79EFBC}") = "Common", "Common\Common.csproj", "{E330FFD1-F001-4D0D-8B8A-182CAF5BDDDF}"
EndProject
Project("{FAE04EC0-301F-11D3-BF4B-00C04F79EFBC}") = "HiringClient", "Hiring Company\Client\HiringClient.csproj", "{3E84E861-6CA7-4DA8-AD27-6BAC51782FBD}"
EndProject
Project("{2150E333-8FDC-42A3-9474-1A3956D46DE8}") = "Hiring Company", "Hiring Company", "{7D3087D1-9726-490C-AEFE-52150AB66402}"
EndProject
Project("{2150E333-8FDC-42A3-9474-1A3956D46DE8}") = "Outsourcing Company", "Outsourcing Company", "{4CA21008-99C1-4BEF-A238-5D8B4BF4BD79}"
EndProject
Project("{FAE04EC0-301F-11D3-BF4B-00C04F79EFBC}") = "HiringService", "Hiring Company\Service\HiringService.csproj", "{DE353FA5-6D5C-4482-B26A-35D6FC5E423B}"
EndProject
Project("{FAE04EC0-301F-11D3-BF4B-00C04F79EFBC}") = "HiringServiceContract", "Hiring Company\ServiceContract\HiringServiceContract.csproj", "{42ADAA43-A6CB-45D2-A5DD-6495B3A3CCAC}"
EndProject
Project("{FAE04EC0-301F-11D3-BF4B-00C04F79EFBC}") = "OutsourcingClient", "Outsourcing Company\Client\OutsourcingClient.csproj", "{755C438F-C288-4995-A3A9-1EF5377D89B2}"
EndProject
Project("{FAE04EC0-301F-11D3-BF4B-00C04F79EFBC}") = "OutsourcingService", "Outsourcing Company\Service\OutsourcingService.csproj", "{564B4E6C-951D-4692-98DD-A501A6C44716}"
EndProject
Project("{FAE04EC0-301F-11D3-BF4B-00C04F79EFBC}") = "OutsourcingServiceContract", "Outsourcing Company\ServiceContract\OutsourcingServiceContract.csproj", "{9C248BF6-3E26-450C-84DE-E46481BBD194}"
EndProject
Project("{2150E333-8FDC-42A3-9474-1A3956D46DE8}") = "Test", "Test", "{535B7074-9202-40C4-8976-01A2A7EFE16A}"
EndProject
Project("{2150E333-8FDC-42A3-9474-1A3956D46DE8}") = "Hiring Company Test", "Hiring Company Test", "{7BCB911F-74A3-4B4C-BC66-3C6A4B160CCA}"
EndProject
Project("{2150E333-8FDC-42A3-9474-1A3956D46DE8}") = "Outsourcing Company Test", "Outsourcing Company Test", "{21895CE6-4879-4180-A578-96311B28C5F6}"
EndProject
Project("{FAE04EC0-301F-11D3-BF4B-00C04F79EFBC}") = "CommonTest", "CommonTest\CommonTest.csproj", "{455E42CB-A2B6-48B5-BF79-5D176F21C86F}"
EndProject
Project("{FAE04EC0-301F-11D3-BF4B-00C04F79EFBC}") = "HiringClientTest", "HiringClientTest\HiringClientTest.csproj", "{8CB5BC5B-C1BF-4152-BA67-5135B2061A1E}"
EndProject
Project("{FAE04EC0-301F-11D3-BF4B-00C04F79EFBC}") = "HiringServiceTest", "HiringServiceTest\HiringServiceTest.csproj", "{5FB6B0DA-0281-437E-A038-DC24FB43B639}"
EndProject
Project("{FAE04EC0-301F-11D3-BF4B-00C04F79EFBC}") = "OutsourcingServiceTest", "OutsourcingServiceTest\OutsourcingServiceTest.csproj", "{2E2CC576-318F-4D84-A3CF-3958ED9911AF}"
EndProject
Global
	GlobalSection(SolutionConfigurationPlatforms) = preSolution
		Debug|Any CPU = Debug|Any CPU
		Debug|Mixed Platforms = Debug|Mixed Platforms
		Debug|x64 = Debug|x64
		Debug|x86 = Debug|x86
		Release|Any CPU = Release|Any CPU
		Release|Mixed Platforms = Release|Mixed Platforms
		Release|x64 = Release|x64
		Release|x86 = Release|x86
	EndGlobalSection
	GlobalSection(ProjectConfigurationPlatforms) = postSolution
		{E330FFD1-F001-4D0D-8B8A-182CAF5BDDDF}.Debug|Any CPU.ActiveCfg = Debug|x64
		{E330FFD1-F001-4D0D-8B8A-182CAF5BDDDF}.Debug|Any CPU.Build.0 = Debug|x64
		{E330FFD1-F001-4D0D-8B8A-182CAF5BDDDF}.Debug|Mixed Platforms.ActiveCfg = Debug|x86
		{E330FFD1-F001-4D0D-8B8A-182CAF5BDDDF}.Debug|Mixed Platforms.Build.0 = Debug|x86
		{E330FFD1-F001-4D0D-8B8A-182CAF5BDDDF}.Debug|x64.ActiveCfg = Debug|x64
		{E330FFD1-F001-4D0D-8B8A-182CAF5BDDDF}.Debug|x64.Build.0 = Debug|x64
		{E330FFD1-F001-4D0D-8B8A-182CAF5BDDDF}.Debug|x86.ActiveCfg = Debug|x86
		{E330FFD1-F001-4D0D-8B8A-182CAF5BDDDF}.Debug|x86.Build.0 = Debug|x86
		{E330FFD1-F001-4D0D-8B8A-182CAF5BDDDF}.Release|Any CPU.ActiveCfg = Release|Any CPU
		{E330FFD1-F001-4D0D-8B8A-182CAF5BDDDF}.Release|Any CPU.Build.0 = Release|Any CPU
		{E330FFD1-F001-4D0D-8B8A-182CAF5BDDDF}.Release|Mixed Platforms.ActiveCfg = Release|x86
		{E330FFD1-F001-4D0D-8B8A-182CAF5BDDDF}.Release|Mixed Platforms.Build.0 = Release|x86
		{E330FFD1-F001-4D0D-8B8A-182CAF5BDDDF}.Release|x64.ActiveCfg = Release|x64
		{E330FFD1-F001-4D0D-8B8A-182CAF5BDDDF}.Release|x64.Build.0 = Release|x64
		{E330FFD1-F001-4D0D-8B8A-182CAF5BDDDF}.Release|x86.ActiveCfg = Release|x86
		{E330FFD1-F001-4D0D-8B8A-182CAF5BDDDF}.Release|x86.Build.0 = Release|x86
		{3E84E861-6CA7-4DA8-AD27-6BAC51782FBD}.Debug|Any CPU.ActiveCfg = Debug|x64
		{3E84E861-6CA7-4DA8-AD27-6BAC51782FBD}.Debug|Any CPU.Build.0 = Debug|x64
		{3E84E861-6CA7-4DA8-AD27-6BAC51782FBD}.Debug|Mixed Platforms.ActiveCfg = Debug|x86
		{3E84E861-6CA7-4DA8-AD27-6BAC51782FBD}.Debug|Mixed Platforms.Build.0 = Debug|x86
		{3E84E861-6CA7-4DA8-AD27-6BAC51782FBD}.Debug|x64.ActiveCfg = Debug|x64
		{3E84E861-6CA7-4DA8-AD27-6BAC51782FBD}.Debug|x64.Build.0 = Debug|x64
		{3E84E861-6CA7-4DA8-AD27-6BAC51782FBD}.Debug|x86.ActiveCfg = Debug|x86
		{3E84E861-6CA7-4DA8-AD27-6BAC51782FBD}.Debug|x86.Build.0 = Debug|x86
		{3E84E861-6CA7-4DA8-AD27-6BAC51782FBD}.Release|Any CPU.ActiveCfg = Release|Any CPU
		{3E84E861-6CA7-4DA8-AD27-6BAC51782FBD}.Release|Any CPU.Build.0 = Release|Any CPU
		{3E84E861-6CA7-4DA8-AD27-6BAC51782FBD}.Release|Mixed Platforms.ActiveCfg = Release|x86
		{3E84E861-6CA7-4DA8-AD27-6BAC51782FBD}.Release|Mixed Platforms.Build.0 = Release|x86
		{3E84E861-6CA7-4DA8-AD27-6BAC51782FBD}.Release|x64.ActiveCfg = Release|x64
		{3E84E861-6CA7-4DA8-AD27-6BAC51782FBD}.Release|x64.Build.0 = Release|x64
		{3E84E861-6CA7-4DA8-AD27-6BAC51782FBD}.Release|x86.ActiveCfg = Release|x86
		{3E84E861-6CA7-4DA8-AD27-6BAC51782FBD}.Release|x86.Build.0 = Release|x86
		{DE353FA5-6D5C-4482-B26A-35D6FC5E423B}.Debug|Any CPU.ActiveCfg = Debug|x64
		{DE353FA5-6D5C-4482-B26A-35D6FC5E423B}.Debug|Any CPU.Build.0 = Debug|x64
		{DE353FA5-6D5C-4482-B26A-35D6FC5E423B}.Debug|Mixed Platforms.ActiveCfg = Debug|x86
		{DE353FA5-6D5C-4482-B26A-35D6FC5E423B}.Debug|Mixed Platforms.Build.0 = Debug|x86
		{DE353FA5-6D5C-4482-B26A-35D6FC5E423B}.Debug|x64.ActiveCfg = Debug|x64
		{DE353FA5-6D5C-4482-B26A-35D6FC5E423B}.Debug|x64.Build.0 = Debug|x64
		{DE353FA5-6D5C-4482-B26A-35D6FC5E423B}.Debug|x86.ActiveCfg = Debug|x86
		{DE353FA5-6D5C-4482-B26A-35D6FC5E423B}.Debug|x86.Build.0 = Debug|x86
		{DE353FA5-6D5C-4482-B26A-35D6FC5E423B}.Release|Any CPU.ActiveCfg = Release|Any CPU
		{DE353FA5-6D5C-4482-B26A-35D6FC5E423B}.Release|Any CPU.Build.0 = Release|Any CPU
		{DE353FA5-6D5C-4482-B26A-35D6FC5E423B}.Release|Mixed Platforms.ActiveCfg = Release|x86
		{DE353FA5-6D5C-4482-B26A-35D6FC5E423B}.Release|Mixed Platforms.Build.0 = Release|x86
		{DE353FA5-6D5C-4482-B26A-35D6FC5E423B}.Release|x64.ActiveCfg = Release|x64
		{DE353FA5-6D5C-4482-B26A-35D6FC5E423B}.Release|x64.Build.0 = Release|x64
		{DE353FA5-6D5C-4482-B26A-35D6FC5E423B}.Release|x86.ActiveCfg = Release|x86
		{DE353FA5-6D5C-4482-B26A-35D6FC5E423B}.Release|x86.Build.0 = Release|x86
		{42ADAA43-A6CB-45D2-A5DD-6495B3A3CCAC}.Debug|Any CPU.ActiveCfg = Debug|x64
		{42ADAA43-A6CB-45D2-A5DD-6495B3A3CCAC}.Debug|Any CPU.Build.0 = Debug|x64
		{42ADAA43-A6CB-45D2-A5DD-6495B3A3CCAC}.Debug|Mixed Platforms.ActiveCfg = Debug|x86
		{42ADAA43-A6CB-45D2-A5DD-6495B3A3CCAC}.Debug|Mixed Platforms.Build.0 = Debug|x86
		{42ADAA43-A6CB-45D2-A5DD-6495B3A3CCAC}.Debug|x64.ActiveCfg = Debug|x64
		{42ADAA43-A6CB-45D2-A5DD-6495B3A3CCAC}.Debug|x64.Build.0 = Debug|x64
		{42ADAA43-A6CB-45D2-A5DD-6495B3A3CCAC}.Debug|x86.ActiveCfg = Debug|x86
		{42ADAA43-A6CB-45D2-A5DD-6495B3A3CCAC}.Debug|x86.Build.0 = Debug|x86
		{42ADAA43-A6CB-45D2-A5DD-6495B3A3CCAC}.Release|Any CPU.ActiveCfg = Release|Any CPU
		{42ADAA43-A6CB-45D2-A5DD-6495B3A3CCAC}.Release|Any CPU.Build.0 = Release|Any CPU
		{42ADAA43-A6CB-45D2-A5DD-6495B3A3CCAC}.Release|Mixed Platforms.ActiveCfg = Release|x86
		{42ADAA43-A6CB-45D2-A5DD-6495B3A3CCAC}.Release|Mixed Platforms.Build.0 = Release|x86
		{42ADAA43-A6CB-45D2-A5DD-6495B3A3CCAC}.Release|x64.ActiveCfg = Release|x64
		{42ADAA43-A6CB-45D2-A5DD-6495B3A3CCAC}.Release|x64.Build.0 = Release|x64
		{42ADAA43-A6CB-45D2-A5DD-6495B3A3CCAC}.Release|x86.ActiveCfg = Release|x86
		{42ADAA43-A6CB-45D2-A5DD-6495B3A3CCAC}.Release|x86.Build.0 = Release|x86
		{755C438F-C288-4995-A3A9-1EF5377D89B2}.Debug|Any CPU.ActiveCfg = Debug|x64
		{755C438F-C288-4995-A3A9-1EF5377D89B2}.Debug|Any CPU.Build.0 = Debug|x64
		{755C438F-C288-4995-A3A9-1EF5377D89B2}.Debug|Mixed Platforms.ActiveCfg = Debug|x86
		{755C438F-C288-4995-A3A9-1EF5377D89B2}.Debug|Mixed Platforms.Build.0 = Debug|x86
		{755C438F-C288-4995-A3A9-1EF5377D89B2}.Debug|x64.ActiveCfg = Debug|x64
		{755C438F-C288-4995-A3A9-1EF5377D89B2}.Debug|x64.Build.0 = Debug|x64
		{755C438F-C288-4995-A3A9-1EF5377D89B2}.Debug|x86.ActiveCfg = Debug|x86
		{755C438F-C288-4995-A3A9-1EF5377D89B2}.Debug|x86.Build.0 = Debug|x86
		{755C438F-C288-4995-A3A9-1EF5377D89B2}.Release|Any CPU.ActiveCfg = Release|Any CPU
		{755C438F-C288-4995-A3A9-1EF5377D89B2}.Release|Any CPU.Build.0 = Release|Any CPU
		{755C438F-C288-4995-A3A9-1EF5377D89B2}.Release|Mixed Platforms.ActiveCfg = Release|x86
		{755C438F-C288-4995-A3A9-1EF5377D89B2}.Release|Mixed Platforms.Build.0 = Release|x86
		{755C438F-C288-4995-A3A9-1EF5377D89B2}.Release|x64.ActiveCfg = Release|x64
		{755C438F-C288-4995-A3A9-1EF5377D89B2}.Release|x64.Build.0 = Release|x64
		{755C438F-C288-4995-A3A9-1EF5377D89B2}.Release|x86.ActiveCfg = Release|x86
		{755C438F-C288-4995-A3A9-1EF5377D89B2}.Release|x86.Build.0 = Release|x86
		{564B4E6C-951D-4692-98DD-A501A6C44716}.Debug|Any CPU.ActiveCfg = Debug|x64
		{564B4E6C-951D-4692-98DD-A501A6C44716}.Debug|Any CPU.Build.0 = Debug|x64
		{564B4E6C-951D-4692-98DD-A501A6C44716}.Debug|Mixed Platforms.ActiveCfg = Debug|x86
		{564B4E6C-951D-4692-98DD-A501A6C44716}.Debug|Mixed Platforms.Build.0 = Debug|x86
		{564B4E6C-951D-4692-98DD-A501A6C44716}.Debug|x64.ActiveCfg = Debug|x64
		{564B4E6C-951D-4692-98DD-A501A6C44716}.Debug|x64.Build.0 = Debug|x64
		{564B4E6C-951D-4692-98DD-A501A6C44716}.Debug|x86.ActiveCfg = Debug|x86
		{564B4E6C-951D-4692-98DD-A501A6C44716}.Debug|x86.Build.0 = Debug|x86
		{564B4E6C-951D-4692-98DD-A501A6C44716}.Release|Any CPU.ActiveCfg = Release|Any CPU
		{564B4E6C-951D-4692-98DD-A501A6C44716}.Release|Any CPU.Build.0 = Release|Any CPU
		{564B4E6C-951D-4692-98DD-A501A6C44716}.Release|Mixed Platforms.ActiveCfg = Release|x86
		{564B4E6C-951D-4692-98DD-A501A6C44716}.Release|Mixed Platforms.Build.0 = Release|x86
		{564B4E6C-951D-4692-98DD-A501A6C44716}.Release|x64.ActiveCfg = Release|x64
		{564B4E6C-951D-4692-98DD-A501A6C44716}.Release|x64.Build.0 = Release|x64
		{564B4E6C-951D-4692-98DD-A501A6C44716}.Release|x86.ActiveCfg = Release|x86
		{564B4E6C-951D-4692-98DD-A501A6C44716}.Release|x86.Build.0 = Release|x86
		{9C248BF6-3E26-450C-84DE-E46481BBD194}.Debug|Any CPU.ActiveCfg = Debug|x64
		{9C248BF6-3E26-450C-84DE-E46481BBD194}.Debug|Any CPU.Build.0 = Debug|x64
		{9C248BF6-3E26-450C-84DE-E46481BBD194}.Debug|Mixed Platforms.ActiveCfg = Debug|x86
		{9C248BF6-3E26-450C-84DE-E46481BBD194}.Debug|Mixed Platforms.Build.0 = Debug|x86
		{9C248BF6-3E26-450C-84DE-E46481BBD194}.Debug|x64.ActiveCfg = Debug|x64
		{9C248BF6-3E26-450C-84DE-E46481BBD194}.Debug|x64.Build.0 = Debug|x64
		{9C248BF6-3E26-450C-84DE-E46481BBD194}.Debug|x86.ActiveCfg = Debug|x86
		{9C248BF6-3E26-450C-84DE-E46481BBD194}.Debug|x86.Build.0 = Debug|x86
		{9C248BF6-3E26-450C-84DE-E46481BBD194}.Release|Any CPU.ActiveCfg = Release|Any CPU
		{9C248BF6-3E26-450C-84DE-E46481BBD194}.Release|Any CPU.Build.0 = Release|Any CPU
		{9C248BF6-3E26-450C-84DE-E46481BBD194}.Release|Mixed Platforms.ActiveCfg = Release|x86
		{9C248BF6-3E26-450C-84DE-E46481BBD194}.Release|Mixed Platforms.Build.0 = Release|x86
		{9C248BF6-3E26-450C-84DE-E46481BBD194}.Release|x64.ActiveCfg = Release|x64
		{9C248BF6-3E26-450C-84DE-E46481BBD194}.Release|x64.Build.0 = Release|x64
		{9C248BF6-3E26-450C-84DE-E46481BBD194}.Release|x86.ActiveCfg = Release|x86
		{9C248BF6-3E26-450C-84DE-E46481BBD194}.Release|x86.Build.0 = Release|x86
		{455E42CB-A2B6-48B5-BF79-5D176F21C86F}.Debug|Any CPU.ActiveCfg = Debug|x64
		{455E42CB-A2B6-48B5-BF79-5D176F21C86F}.Debug|Any CPU.Build.0 = Debug|x64
		{455E42CB-A2B6-48B5-BF79-5D176F21C86F}.Debug|Mixed Platforms.ActiveCfg = Debug|x86
		{455E42CB-A2B6-48B5-BF79-5D176F21C86F}.Debug|Mixed Platforms.Build.0 = Debug|x86
		{455E42CB-A2B6-48B5-BF79-5D176F21C86F}.Debug|x64.ActiveCfg = Debug|x64
		{455E42CB-A2B6-48B5-BF79-5D176F21C86F}.Debug|x64.Build.0 = Debug|x64
		{455E42CB-A2B6-48B5-BF79-5D176F21C86F}.Debug|x86.ActiveCfg = Debug|x86
		{455E42CB-A2B6-48B5-BF79-5D176F21C86F}.Debug|x86.Build.0 = Debug|x86
		{455E42CB-A2B6-48B5-BF79-5D176F21C86F}.Release|Any CPU.ActiveCfg = Release|Any CPU
		{455E42CB-A2B6-48B5-BF79-5D176F21C86F}.Release|Any CPU.Build.0 = Release|Any CPU
		{455E42CB-A2B6-48B5-BF79-5D176F21C86F}.Release|Mixed Platforms.ActiveCfg = Release|x86
		{455E42CB-A2B6-48B5-BF79-5D176F21C86F}.Release|Mixed Platforms.Build.0 = Release|x86
		{455E42CB-A2B6-48B5-BF79-5D176F21C86F}.Release|x64.ActiveCfg = Release|x64
		{455E42CB-A2B6-48B5-BF79-5D176F21C86F}.Release|x64.Build.0 = Release|x64
		{455E42CB-A2B6-48B5-BF79-5D176F21C86F}.Release|x86.ActiveCfg = Release|x86
		{455E42CB-A2B6-48B5-BF79-5D176F21C86F}.Release|x86.Build.0 = Release|x86
		{8CB5BC5B-C1BF-4152-BA67-5135B2061A1E}.Debug|Any CPU.ActiveCfg = Debug|Any CPU
		{8CB5BC5B-C1BF-4152-BA67-5135B2061A1E}.Debug|Any CPU.Build.0 = Debug|Any CPU
		{8CB5BC5B-C1BF-4152-BA67-5135B2061A1E}.Debug|Mixed Platforms.ActiveCfg = Debug|x86
		{8CB5BC5B-C1BF-4152-BA67-5135B2061A1E}.Debug|Mixed Platforms.Build.0 = Debug|x86
		{8CB5BC5B-C1BF-4152-BA67-5135B2061A1E}.Debug|x64.ActiveCfg = Debug|Any CPU
		{8CB5BC5B-C1BF-4152-BA67-5135B2061A1E}.Debug|x86.ActiveCfg = Debug|x86
		{8CB5BC5B-C1BF-4152-BA67-5135B2061A1E}.Debug|x86.Build.0 = Debug|x86
		{8CB5BC5B-C1BF-4152-BA67-5135B2061A1E}.Release|Any CPU.ActiveCfg = Release|Any CPU
		{8CB5BC5B-C1BF-4152-BA67-5135B2061A1E}.Release|Any CPU.Build.0 = Release|Any CPU
		{8CB5BC5B-C1BF-4152-BA67-5135B2061A1E}.Release|Mixed Platforms.ActiveCfg = Release|Any CPU
		{8CB5BC5B-C1BF-4152-BA67-5135B2061A1E}.Release|Mixed Platforms.Build.0 = Release|Any CPU
		{8CB5BC5B-C1BF-4152-BA67-5135B2061A1E}.Release|x64.ActiveCfg = Release|Any CPU
		{8CB5BC5B-C1BF-4152-BA67-5135B2061A1E}.Release|x86.ActiveCfg = Release|Any CPU
		{5FB6B0DA-0281-437E-A038-DC24FB43B639}.Debug|Any CPU.ActiveCfg = Debug|Any CPU
		{5FB6B0DA-0281-437E-A038-DC24FB43B639}.Debug|Any CPU.Build.0 = Debug|Any CPU
		{5FB6B0DA-0281-437E-A038-DC24FB43B639}.Debug|Mixed Platforms.ActiveCfg = Debug|x86
		{5FB6B0DA-0281-437E-A038-DC24FB43B639}.Debug|Mixed Platforms.Build.0 = Debug|x86
		{5FB6B0DA-0281-437E-A038-DC24FB43B639}.Debug|x64.ActiveCfg = Debug|Any CPU
		{5FB6B0DA-0281-437E-A038-DC24FB43B639}.Debug|x86.ActiveCfg = Debug|x86
		{5FB6B0DA-0281-437E-A038-DC24FB43B639}.Debug|x86.Build.0 = Debug|x86
		{5FB6B0DA-0281-437E-A038-DC24FB43B639}.Release|Any CPU.ActiveCfg = Release|Any CPU
		{5FB6B0DA-0281-437E-A038-DC24FB43B639}.Release|Any CPU.Build.0 = Release|Any CPU
		{5FB6B0DA-0281-437E-A038-DC24FB43B639}.Release|Mixed Platforms.ActiveCfg = Release|Any CPU
		{5FB6B0DA-0281-437E-A038-DC24FB43B639}.Release|Mixed Platforms.Build.0 = Release|Any CPU
		{5FB6B0DA-0281-437E-A038-DC24FB43B639}.Release|x64.ActiveCfg = Release|Any CPU
		{5FB6B0DA-0281-437E-A038-DC24FB43B639}.Release|x86.ActiveCfg = Release|Any CPU
		{2E2CC576-318F-4D84-A3CF-3958ED9911AF}.Debug|Any CPU.ActiveCfg = Debug|Any CPU
		{2E2CC576-318F-4D84-A3CF-3958ED9911AF}.Debug|Any CPU.Build.0 = Debug|Any CPU
		{2E2CC576-318F-4D84-A3CF-3958ED9911AF}.Debug|Mixed Platforms.ActiveCfg = Debug|x86
		{2E2CC576-318F-4D84-A3CF-3958ED9911AF}.Debug|Mixed Platforms.Build.0 = Debug|x86
		{2E2CC576-318F-4D84-A3CF-3958ED9911AF}.Debug|x64.ActiveCfg = Debug|Any CPU
		{2E2CC576-318F-4D84-A3CF-3958ED9911AF}.Debug|x86.ActiveCfg = Debug|Any CPU
		{2E2CC576-318F-4D84-A3CF-3958ED9911AF}.Release|Any CPU.ActiveCfg = Release|Any CPU
		{2E2CC576-318F-4D84-A3CF-3958ED9911AF}.Release|Any CPU.Build.0 = Release|Any CPU
		{2E2CC576-318F-4D84-A3CF-3958ED9911AF}.Release|Mixed Platforms.ActiveCfg = Release|Any CPU
		{2E2CC576-318F-4D84-A3CF-3958ED9911AF}.Release|Mixed Platforms.Build.0 = Release|Any CPU
		{2E2CC576-318F-4D84-A3CF-3958ED9911AF}.Release|x64.ActiveCfg = Release|Any CPU
		{2E2CC576-318F-4D84-A3CF-3958ED9911AF}.Release|x86.ActiveCfg = Release|Any CPU
	EndGlobalSection
	GlobalSection(SolutionProperties) = preSolution
		HideSolutionNode = FALSE
	EndGlobalSection
	GlobalSection(NestedProjects) = preSolution
		{3E84E861-6CA7-4DA8-AD27-6BAC51782FBD} = {7D3087D1-9726-490C-AEFE-52150AB66402}
		{DE353FA5-6D5C-4482-B26A-35D6FC5E423B} = {7D3087D1-9726-490C-AEFE-52150AB66402}
		{42ADAA43-A6CB-45D2-A5DD-6495B3A3CCAC} = {7D3087D1-9726-490C-AEFE-52150AB66402}
		{755C438F-C288-4995-A3A9-1EF5377D89B2} = {4CA21008-99C1-4BEF-A238-5D8B4BF4BD79}
		{564B4E6C-951D-4692-98DD-A501A6C44716} = {4CA21008-99C1-4BEF-A238-5D8B4BF4BD79}
		{9C248BF6-3E26-450C-84DE-E46481BBD194} = {4CA21008-99C1-4BEF-A238-5D8B4BF4BD79}
		{7BCB911F-74A3-4B4C-BC66-3C6A4B160CCA} = {535B7074-9202-40C4-8976-01A2A7EFE16A}
		{21895CE6-4879-4180-A578-96311B28C5F6} = {535B7074-9202-40C4-8976-01A2A7EFE16A}
		{455E42CB-A2B6-48B5-BF79-5D176F21C86F} = {535B7074-9202-40C4-8976-01A2A7EFE16A}
		{8CB5BC5B-C1BF-4152-BA67-5135B2061A1E} = {7BCB911F-74A3-4B4C-BC66-3C6A4B160CCA}
		{5FB6B0DA-0281-437E-A038-DC24FB43B639} = {7BCB911F-74A3-4B4C-BC66-3C6A4B160CCA}
		{2E2CC576-318F-4D84-A3CF-3958ED9911AF} = {21895CE6-4879-4180-A578-96311B28C5F6}
	EndGlobalSection
EndGlobal
